STORAGE: NONE
RESTRICTION: == net9.0
NUGET
  remote: https://api.nuget.org/v3/index.json
    coverlet.collector (6.0.4)
    Fargo.CmdLine (1.3.3)
      FSharp.Core (>= 6.0)
    FSharp.Core (9.0.201)
    FsToolkit.ErrorHandling (4.18)
      FSharp.Core (>= 7.0.300)
    Microsoft.ApplicationInsights (2.23)
      System.Diagnostics.DiagnosticSource (>= 5.0)
    Microsoft.CodeCoverage (17.13)
    Microsoft.NET.Test.Sdk (17.13)
      Microsoft.CodeCoverage (>= 17.13)
      Microsoft.TestPlatform.TestHost (>= 17.13)
    Microsoft.Testing.Extensions.Telemetry (1.6.3)
      Microsoft.ApplicationInsights (>= 2.22)
      Microsoft.Testing.Platform (>= 1.6.3)
    Microsoft.Testing.Extensions.TrxReport.Abstractions (1.6.3)
      Microsoft.Testing.Platform (>= 1.6.3)
    Microsoft.Testing.Extensions.VSTestBridge (1.6.3)
      Microsoft.Testing.Extensions.Telemetry (>= 1.6.3)
      Microsoft.Testing.Extensions.TrxReport.Abstractions (>= 1.6.3)
      Microsoft.Testing.Platform (>= 1.6.3)
      Microsoft.TestPlatform.ObjectModel (>= 17.13)
    Microsoft.Testing.Platform (1.6.3)
    Microsoft.Testing.Platform.MSBuild (1.6.3)
      Microsoft.Testing.Platform (>= 1.6.3)
    Microsoft.TestPlatform.ObjectModel (17.13)
      System.Reflection.Metadata (>= 1.6)
    Microsoft.TestPlatform.TestHost (17.13)
      Microsoft.TestPlatform.ObjectModel (>= 17.13)
      Newtonsoft.Json (>= 13.0.1)
    Newtonsoft.Json (13.0.3)
    NUnit (4.3.2)
    NUnit.Analyzers (4.6)
    NUnit3TestAdapter (5.0)
      Microsoft.Testing.Extensions.VSTestBridge (>= 1.5.3)
      Microsoft.Testing.Platform.MSBuild (>= 1.5.3)
    System.Diagnostics.DiagnosticSource (9.0.3)
    System.Reflection.Metadata (9.0.3)
    UTF.Unknown (2.5.1)
